
Microsoft Visual Studio Solution File, Format Version 12.00
# Visual Studio Version 17
VisualStudioVersion = 17.8.34316.72
MinimumVisualStudioVersion = 10.0.40219.1
Project("{9A19103F-16F7-4668-BE54-9A1E7A4F7556}") = "UDPServer", "NetProgramm\UDPServer.csproj", "{EFC71671-C7B7-4779-A005-B06A83AACFDC}"
EndProject
Project("{9A19103F-16F7-4668-BE54-9A1E7A4F7556}") = "UDPClient", "UDPClient\UDPClient.csproj", "{CF3BE80B-34E6-4C3C-902F-0CACCE61C014}"
EndProject
Project("{9A19103F-16F7-4668-BE54-9A1E7A4F7556}") = "Threads", "Threads\Threads.csproj", "{99655D88-E31F-43DA-AF42-955BAB5D1D23}"
EndProject
Project("{9A19103F-16F7-4668-BE54-9A1E7A4F7556}") = "EFSeminar", "EF\EFSeminar.csproj", "{F5C60112-04D9-48E8-8B16-8150E1C12C9A}"
EndProject
Project("{9A19103F-16F7-4668-BE54-9A1E7A4F7556}") = "ChatClientUnitTests", "ChatClientUnitTests\ChatClientUnitTests.csproj", "{42AE890E-7C04-4C61-B56D-908DA671A217}"
EndProject
Project("{FAE04EC0-301F-11D3-BF4B-00C04F79EFBC}") = "ChatCommon", "Seminar7\ChatCommon.csproj", "{7036FB3C-A80C-4307-9FAA-D80EBF099360}"
EndProject
Project("{9A19103F-16F7-4668-BE54-9A1E7A4F7556}") = "UnitTests", "Unittests\UnitTests.csproj", "{4ECB85B0-763C-490D-9575-B9D51ED6C9A7}"
EndProject
Project("{FAE04EC0-301F-11D3-BF4B-00C04F79EFBC}") = "ChatDB", "ChatDB\ChatDB.csproj", "{20963361-CB8B-461B-BD22-DF9AB5E904AE}"
EndProject
Project("{FAE04EC0-301F-11D3-BF4B-00C04F79EFBC}") = "ChatNetwork", "ChatNetwork\ChatNetwork.csproj", "{28749B33-E73B-4D5D-8DF6-A93193DD3D85}"
EndProject
Project("{FAE04EC0-301F-11D3-BF4B-00C04F79EFBC}") = "ChatApp", "ChatApp\ChatApp.csproj", "{0BF91DEB-CFBC-4EB8-894F-E8FA3CE5A5D4}"
EndProject
Global
	GlobalSection(SolutionConfigurationPlatforms) = preSolution
		Debug|Any CPU = Debug|Any CPU
		Release|Any CPU = Release|Any CPU
	EndGlobalSection
	GlobalSection(ProjectConfigurationPlatforms) = postSolution
		{EFC71671-C7B7-4779-A005-B06A83AACFDC}.Debug|Any CPU.ActiveCfg = Debug|Any CPU
		{EFC71671-C7B7-4779-A005-B06A83AACFDC}.Debug|Any CPU.Build.0 = Debug|Any CPU
		{EFC71671-C7B7-4779-A005-B06A83AACFDC}.Release|Any CPU.ActiveCfg = Release|Any CPU
		{EFC71671-C7B7-4779-A005-B06A83AACFDC}.Release|Any CPU.Build.0 = Release|Any CPU
		{CF3BE80B-34E6-4C3C-902F-0CACCE61C014}.Debug|Any CPU.ActiveCfg = Debug|Any CPU
		{CF3BE80B-34E6-4C3C-902F-0CACCE61C014}.Debug|Any CPU.Build.0 = Debug|Any CPU
		{CF3BE80B-34E6-4C3C-902F-0CACCE61C014}.Release|Any CPU.ActiveCfg = Release|Any CPU
		{CF3BE80B-34E6-4C3C-902F-0CACCE61C014}.Release|Any CPU.Build.0 = Release|Any CPU
		{99655D88-E31F-43DA-AF42-955BAB5D1D23}.Debug|Any CPU.ActiveCfg = Debug|Any CPU
		{99655D88-E31F-43DA-AF42-955BAB5D1D23}.Debug|Any CPU.Build.0 = Debug|Any CPU
		{99655D88-E31F-43DA-AF42-955BAB5D1D23}.Release|Any CPU.ActiveCfg = Release|Any CPU
		{99655D88-E31F-43DA-AF42-955BAB5D1D23}.Release|Any CPU.Build.0 = Release|Any CPU
		{F5C60112-04D9-48E8-8B16-8150E1C12C9A}.Debug|Any CPU.ActiveCfg = Debug|Any CPU
		{F5C60112-04D9-48E8-8B16-8150E1C12C9A}.Debug|Any CPU.Build.0 = Debug|Any CPU
		{F5C60112-04D9-48E8-8B16-8150E1C12C9A}.Release|Any CPU.ActiveCfg = Release|Any CPU
		{F5C60112-04D9-48E8-8B16-8150E1C12C9A}.Release|Any CPU.Build.0 = Release|Any CPU
		{42AE890E-7C04-4C61-B56D-908DA671A217}.Debug|Any CPU.ActiveCfg = Debug|Any CPU
		{42AE890E-7C04-4C61-B56D-908DA671A217}.Debug|Any CPU.Build.0 = Debug|Any CPU
		{42AE890E-7C04-4C61-B56D-908DA671A217}.Release|Any CPU.ActiveCfg = Release|Any CPU
		{42AE890E-7C04-4C61-B56D-908DA671A217}.Release|Any CPU.Build.0 = Release|Any CPU
		{7036FB3C-A80C-4307-9FAA-D80EBF099360}.Debug|Any CPU.ActiveCfg = Debug|Any CPU
		{7036FB3C-A80C-4307-9FAA-D80EBF099360}.Debug|Any CPU.Build.0 = Debug|Any CPU
		{7036FB3C-A80C-4307-9FAA-D80EBF099360}.Release|Any CPU.ActiveCfg = Release|Any CPU
		{7036FB3C-A80C-4307-9FAA-D80EBF099360}.Release|Any CPU.Build.0 = Release|Any CPU
		{4ECB85B0-763C-490D-9575-B9D51ED6C9A7}.Debug|Any CPU.ActiveCfg = Debug|Any CPU
		{4ECB85B0-763C-490D-9575-B9D51ED6C9A7}.Debug|Any CPU.Build.0 = Debug|Any CPU
		{4ECB85B0-763C-490D-9575-B9D51ED6C9A7}.Release|Any CPU.ActiveCfg = Release|Any CPU
		{4ECB85B0-763C-490D-9575-B9D51ED6C9A7}.Release|Any CPU.Build.0 = Release|Any CPU
		{20963361-CB8B-461B-BD22-DF9AB5E904AE}.Debug|Any CPU.ActiveCfg = Debug|Any CPU
		{20963361-CB8B-461B-BD22-DF9AB5E904AE}.Debug|Any CPU.Build.0 = Debug|Any CPU
		{20963361-CB8B-461B-BD22-DF9AB5E904AE}.Release|Any CPU.ActiveCfg = Release|Any CPU
		{20963361-CB8B-461B-BD22-DF9AB5E904AE}.Release|Any CPU.Build.0 = Release|Any CPU
		{28749B33-E73B-4D5D-8DF6-A93193DD3D85}.Debug|Any CPU.ActiveCfg = Debug|Any CPU
		{28749B33-E73B-4D5D-8DF6-A93193DD3D85}.Debug|Any CPU.Build.0 = Debug|Any CPU
		{28749B33-E73B-4D5D-8DF6-A93193DD3D85}.Release|Any CPU.ActiveCfg = Release|Any CPU
		{28749B33-E73B-4D5D-8DF6-A93193DD3D85}.Release|Any CPU.Build.0 = Release|Any CPU
		{0BF91DEB-CFBC-4EB8-894F-E8FA3CE5A5D4}.Debug|Any CPU.ActiveCfg = Debug|Any CPU
		{0BF91DEB-CFBC-4EB8-894F-E8FA3CE5A5D4}.Debug|Any CPU.Build.0 = Debug|Any CPU
		{0BF91DEB-CFBC-4EB8-894F-E8FA3CE5A5D4}.Release|Any CPU.ActiveCfg = Release|Any CPU
		{0BF91DEB-CFBC-4EB8-894F-E8FA3CE5A5D4}.Release|Any CPU.Build.0 = Release|Any CPU
	EndGlobalSection
	GlobalSection(SolutionProperties) = preSolution
		HideSolutionNode = FALSE
	EndGlobalSection
	GlobalSection(ExtensibilityGlobals) = postSolution
		SolutionGuid = {EBD91782-5DCA-4BDE-8CFF-AE21826D6847}
	EndGlobalSection
EndGlobal
